
Microsoft Visual Studio Solution File, Format Version 12.00
# Visual Studio 15
VisualStudioVersion = 15.0.28307.421
MinimumVisualStudioVersion = 10.0.40219.1
Project("{9A19103F-16F7-4668-BE54-9A1E7A4F7556}") = "ChartsEmbedding", "ChartsEmbedding\ChartsEmbedding.csproj", "{E3E2C32C-411E-4034-A8D7-F3F1CD1B39E2}"
EndProject
Project("{2150E333-8FDC-42A3-9474-1A3956D46DE8}") = "Solution Items", "Solution Items", "{DE1B0CD2-8CD9-4B2C-98A0-14B80B346000}"
	ProjectSection(SolutionItems) = preProject
		README.md = README.md
	EndProjectSection
EndProject
Global
	GlobalSection(SolutionConfigurationPlatforms) = preSolution
		Debug|Any CPU = Debug|Any CPU
		Release|Any CPU = Release|Any CPU
	EndGlobalSection
	GlobalSection(ProjectConfigurationPlatforms) = postSolution
		{E3E2C32C-411E-4034-A8D7-F3F1CD1B39E2}.Debug|Any CPU.ActiveCfg = Debug|Any CPU
		{E3E2C32C-411E-4034-A8D7-F3F1CD1B39E2}.Debug|Any CPU.Build.0 = Debug|Any CPU
		{E3E2C32C-411E-4034-A8D7-F3F1CD1B39E2}.Release|Any CPU.ActiveCfg = Release|Any CPU
		{E3E2C32C-411E-4034-A8D7-F3F1CD1B39E2}.Release|Any CPU.Build.0 = Release|Any CPU
	EndGlobalSection
	GlobalSection(SolutionProperties) = preSolution
		HideSolutionNode = FALSE
	EndGlobalSection
	GlobalSection(ExtensibilityGlobals) = postSolution
		SolutionGuid = {D84C32C1-15E9-4C5F-A604-A615B12F6C08}
	EndGlobalSection
EndGlobal
